
Microsoft Visual Studio Solution File, Format Version 12.00
# Visual Studio Version 17
VisualStudioVersion = 17.4.33403.182
MinimumVisualStudioVersion = 10.0.40219.1
Project("{FAE04EC0-301F-11D3-BF4B-00C04F79EFBC}") = "BugTracker", "BugTracker\BugTracker.csproj", "{750DFA2E-97AB-41FF-8572-A2472B0EBD37}"
EndProject
Project("{FAE04EC0-301F-11D3-BF4B-00C04F79EFBC}") = "Entities", "Entities\Entities.csproj", "{88604069-1CE5-4775-9B25-F755343BAF3E}"
EndProject
Global
	GlobalSection(SolutionConfigurationPlatforms) = preSolution
		Debug|Any CPU = Debug|Any CPU
		Release|Any CPU = Release|Any CPU
	EndGlobalSection
	GlobalSection(ProjectConfigurationPlatforms) = postSolution
		{750DFA2E-97AB-41FF-8572-A2472B0EBD37}.Debug|Any CPU.ActiveCfg = Debug|Any CPU
		{750DFA2E-97AB-41FF-8572-A2472B0EBD37}.Debug|Any CPU.Build.0 = Debug|Any CPU
		{750DFA2E-97AB-41FF-8572-A2472B0EBD37}.Release|Any CPU.ActiveCfg = Release|Any CPU
		{750DFA2E-97AB-41FF-8572-A2472B0EBD37}.Release|Any CPU.Build.0 = Release|Any CPU
		{88604069-1CE5-4775-9B25-F755343BAF3E}.Debug|Any CPU.ActiveCfg = Debug|Any CPU
		{88604069-1CE5-4775-9B25-F755343BAF3E}.Debug|Any CPU.Build.0 = Debug|Any CPU
		{88604069-1CE5-4775-9B25-F755343BAF3E}.Release|Any CPU.ActiveCfg = Release|Any CPU
		{88604069-1CE5-4775-9B25-F755343BAF3E}.Release|Any CPU.Build.0 = Release|Any CPU
	EndGlobalSection
	GlobalSection(SolutionProperties) = preSolution
		HideSolutionNode = FALSE
	EndGlobalSection
	GlobalSection(ExtensibilityGlobals) = postSolution
		SolutionGuid = {2044999F-EDCF-4207-8554-0E981FF9EBD8}
	EndGlobalSection
EndGlobal
